{
  "name": "pulsar-ai",
  "version": "0.0.1",
  "lockfileVersion": 3,
  "requires": true,
  "packages": {
    "": {
      "name": "pulsar-ai",
      "version": "0.0.1",
      "license": "MIT",
      "dependencies": {
        "marked": "^9.0.0"
      },
      "engines": {
        "pulsar": ">=1.0.0"
      }
    },
    "node_modules/marked": {
      "version": "9.1.6",
      "resolved": "https://registry.npmjs.org/marked/-/marked-9.1.6.tgz",
      "integrity": "sha512-jcByLnIFkd5gSXZmjNvS1TlmRhCXZjIzHYlaGkPlLIekG55JDR2Z4va9tZwCiP+/RDERiNhMOFu01xd6O5ct1Q==",
      "license": "MIT",
      "bin": {
        "marked": "bin/marked.js"
      },
      "engines": {
        "node": ">= 16"
      }
    }
  }
}
